{
  "version": 4,
  "terraform_version": "1.7.2",
  "serial": 42,
  "lineage": "a1b2c3d4-e5f6-7890-abcd-ef1234567890",
  "outputs": {
    "resource_group_name": {
      "value": "rg-prod-eastus",
      "type": "string"
    },
    "aks_cluster_endpoint": {
      "value": "https://aks-prod-eastus-abc123.hcp.eastus.azmk8s.io",
      "type": "string"
    }
  },
  "resources": [
    {
      "module": "module.networking",
      "mode": "managed",
      "type": "azurerm_resource_group",
      "name": "main",
      "provider": "provider[\"registry.terraform.io/hashicorp/azurerm\"]",
      "instances": [
        {
          "schema_version": 0,
          "attributes": {
            "id": "/subscriptions/00000000-1111-2222-3333-444444444444/resourceGroups/rg-prod-eastus",
            "location": "eastus",
            "name": "rg-prod-eastus",
            "tags": {
              "environment": "production",
              "team": "platform"
            }
          }
        }
      ]
    },
    {
      "module": "module.networking",
      "mode": "managed",
      "type": "azurerm_virtual_network",
      "name": "main",
      "provider": "provider[\"registry.terraform.io/hashicorp/azurerm\"]",
      "instances": [
        {
          "schema_version": 0,
          "attributes": {
            "id": "/subscriptions/00000000-1111-2222-3333-444444444444/resourceGroups/rg-prod-eastus/providers/Microsoft.Network/virtualNetworks/vnet-prod-eastus",
            "name": "vnet-prod-eastus",
            "location": "eastus",
            "resource_group_name": "rg-prod-eastus",
            "address_space": ["10.0.0.0/16"],
            "dns_servers": [],
            "tags": {
              "environment": "production"
            }
          }
        }
      ]
    },
    {
      "module": "module.networking",
      "mode": "managed",
      "type": "azurerm_subnet",
      "name": "subnets",
      "provider": "provider[\"registry.terraform.io/hashicorp/azurerm\"]",
      "instances": [
        {
          "index_key": 0,
          "schema_version": 0,
          "attributes": {
            "id": "/subscriptions/00000000-1111-2222-3333-444444444444/resourceGroups/rg-prod-eastus/providers/Microsoft.Network/virtualNetworks/vnet-prod-eastus/subnets/snet-aks",
            "name": "snet-aks",
            "resource_group_name": "rg-prod-eastus",
            "virtual_network_name": "vnet-prod-eastus",
            "address_prefixes": ["10.0.1.0/24"],
            "service_endpoints": ["Microsoft.ContainerRegistry"]
          }
        },
        {
          "index_key": 1,
          "schema_version": 0,
          "attributes": {
            "id": "/subscriptions/00000000-1111-2222-3333-444444444444/resourceGroups/rg-prod-eastus/providers/Microsoft.Network/virtualNetworks/vnet-prod-eastus/subnets/snet-appgw",
            "name": "snet-appgw",
            "resource_group_name": "rg-prod-eastus",
            "virtual_network_name": "vnet-prod-eastus",
            "address_prefixes": ["10.0.2.0/24"],
            "service_endpoints": []
          }
        },
        {
          "index_key": 2,
          "schema_version": 0,
          "attributes": {
            "id": "/subscriptions/00000000-1111-2222-3333-444444444444/resourceGroups/rg-prod-eastus/providers/Microsoft.Network/virtualNetworks/vnet-prod-eastus/subnets/snet-db",
            "name": "snet-db",
            "resource_group_name": "rg-prod-eastus",
            "virtual_network_name": "vnet-prod-eastus",
            "address_prefixes": ["10.0.3.0/24"],
            "service_endpoints": ["Microsoft.Sql"]
          }
        }
      ]
    },
    {
      "module": "module.networking",
      "mode": "managed",
      "type": "azurerm_network_security_group",
      "name": "nsg_list",
      "provider": "provider[\"registry.terraform.io/hashicorp/azurerm\"]",
      "instances": [
        {
          "index_key": "aks",
          "schema_version": 0,
          "attributes": {
            "id": "/subscriptions/00000000-1111-2222-3333-444444444444/resourceGroups/rg-prod-eastus/providers/Microsoft.Network/networkSecurityGroups/nsg-aks",
            "name": "nsg-aks",
            "location": "eastus",
            "resource_group_name": "rg-prod-eastus",
            "security_rule": [
              {
                "name": "allow-https",
                "priority": 100,
                "direction": "Inbound",
                "access": "Allow",
                "protocol": "Tcp",
                "source_port_range": "*",
                "destination_port_range": "443",
                "source_address_prefix": "*",
                "destination_address_prefix": "*"
              }
            ]
          }
        },
        {
          "index_key": "db",
          "schema_version": 0,
          "attributes": {
            "id": "/subscriptions/00000000-1111-2222-3333-444444444444/resourceGroups/rg-prod-eastus/providers/Microsoft.Network/networkSecurityGroups/nsg-db",
            "name": "nsg-db",
            "location": "eastus",
            "resource_group_name": "rg-prod-eastus",
            "security_rule": [
              {
                "name": "allow-sql",
                "priority": 100,
                "direction": "Inbound",
                "access": "Allow",
                "protocol": "Tcp",
                "source_port_range": "*",
                "destination_port_range": "1433",
                "source_address_prefix": "10.0.1.0/24",
                "destination_address_prefix": "*"
              }
            ]
          }
        }
      ]
    },
    {
      "module": "module.compute",
      "mode": "managed",
      "type": "azurerm_kubernetes_cluster",
      "name": "aks",
      "provider": "provider[\"registry.terraform.io/hashicorp/azurerm\"]",
      "instances": [
        {
          "schema_version": 0,
          "attributes": {
            "id": "/subscriptions/00000000-1111-2222-3333-444444444444/resourceGroups/rg-prod-eastus/providers/Microsoft.ContainerService/managedClusters/aks-prod-eastus",
            "name": "aks-prod-eastus",
            "location": "eastus",
            "resource_group_name": "rg-prod-eastus",
            "kubernetes_version": "1.29.2",
            "dns_prefix": "aks-prod-eastus",
            "fqdn": "aks-prod-eastus-abc123.hcp.eastus.azmk8s.io",
            "default_node_pool": {
              "name": "system",
              "node_count": 3,
              "vm_size": "Standard_D4s_v3",
              "os_disk_size_gb": 128,
              "vnet_subnet_id": "/subscriptions/00000000-1111-2222-3333-444444444444/resourceGroups/rg-prod-eastus/providers/Microsoft.Network/virtualNetworks/vnet-prod-eastus/subnets/snet-aks"
            },
            "identity": {
              "type": "SystemAssigned",
              "principal_id": "aaaaaaaa-bbbb-cccc-dddd-eeeeeeeeeeee"
            },
            "tags": {
              "environment": "production"
            }
          }
        }
      ]
    },
    {
      "module": "module.compute",
      "mode": "managed",
      "type": "azurerm_kubernetes_cluster_node_pool",
      "name": "node_pools",
      "provider": "provider[\"registry.terraform.io/hashicorp/azurerm\"]",
      "instances": [
        {
          "index_key": "workload",
          "schema_version": 0,
          "attributes": {
            "id": "/subscriptions/00000000-1111-2222-3333-444444444444/resourceGroups/rg-prod-eastus/providers/Microsoft.ContainerService/managedClusters/aks-prod-eastus/agentPools/workload",
            "name": "workload",
            "kubernetes_cluster_id": "/subscriptions/00000000-1111-2222-3333-444444444444/resourceGroups/rg-prod-eastus/providers/Microsoft.ContainerService/managedClusters/aks-prod-eastus",
            "vm_size": "Standard_D8s_v3",
            "node_count": 5,
            "min_count": 2,
            "max_count": 10,
            "enable_auto_scaling": true,
            "node_labels": {
              "workload-type": "general"
            }
          }
        },
        {
          "index_key": "gpu",
          "schema_version": 0,
          "attributes": {
            "id": "/subscriptions/00000000-1111-2222-3333-444444444444/resourceGroups/rg-prod-eastus/providers/Microsoft.ContainerService/managedClusters/aks-prod-eastus/agentPools/gpu",
            "name": "gpu",
            "kubernetes_cluster_id": "/subscriptions/00000000-1111-2222-3333-444444444444/resourceGroups/rg-prod-eastus/providers/Microsoft.Network/virtualNetworks/vnet-prod-eastus",
            "vm_size": "Standard_NC6s_v3",
            "node_count": 2,
            "min_count": 0,
            "max_count": 4,
            "enable_auto_scaling": true,
            "node_labels": {
              "workload-type": "gpu"
            }
          }
        }
      ]
    },
    {
      "module": "module.storage",
      "mode": "managed",
      "type": "azurerm_storage_account",
      "name": "storage_accounts",
      "provider": "provider[\"registry.terraform.io/hashicorp/azurerm\"]",
      "instances": [
        {
          "index_key": "data",
          "schema_version": 0,
          "attributes": {
            "id": "/subscriptions/00000000-1111-2222-3333-444444444444/resourceGroups/rg-prod-eastus/providers/Microsoft.Storage/storageAccounts/stproddata001",
            "name": "stproddata001",
            "location": "eastus",
            "resource_group_name": "rg-prod-eastus",
            "account_tier": "Standard",
            "account_replication_type": "GRS",
            "allow_blob_public_access": false,
            "min_tls_version": "TLS1_2",
            "tags": { "environment": "production", "purpose": "data" }
          }
        },
        {
          "index_key": "tfstate",
          "schema_version": 0,
          "attributes": {
            "id": "/subscriptions/00000000-1111-2222-3333-444444444444/resourceGroups/rg-prod-eastus/providers/Microsoft.Storage/storageAccounts/stprodtfstate001",
            "name": "stprodtfstate001",
            "location": "eastus",
            "resource_group_name": "rg-prod-eastus",
            "account_tier": "Standard",
            "account_replication_type": "LRS",
            "allow_blob_public_access": false,
            "min_tls_version": "TLS1_2",
            "tags": { "environment": "production", "purpose": "tfstate" }
          }
        }
      ]
    },
    {
      "module": "module.database",
      "mode": "managed",
      "type": "azurerm_mssql_server",
      "name": "sql_server",
      "provider": "provider[\"registry.terraform.io/hashicorp/azurerm\"]",
      "instances": [
        {
          "schema_version": 0,
          "attributes": {
            "id": "/subscriptions/00000000-1111-2222-3333-444444444444/resourceGroups/rg-prod-eastus/providers/Microsoft.Sql/servers/sql-prod-eastus",
            "name": "sql-prod-eastus",
            "location": "eastus",
            "resource_group_name": "rg-prod-eastus",
            "version": "12.0",
            "administrator_login": "sqladmin",
            "minimum_tls_version": "1.2",
            "public_network_access_enabled": false,
            "tags": { "environment": "production" }
          }
        }
      ]
    },
    {
      "module": "module.database",
      "mode": "managed",
      "type": "azurerm_mssql_database",
      "name": "databases",
      "provider": "provider[\"registry.terraform.io/hashicorp/azurerm\"]",
      "instances": [
        {
          "index_key": "app",
          "schema_version": 0,
          "attributes": {
            "id": "/subscriptions/00000000-1111-2222-3333-444444444444/resourceGroups/rg-prod-eastus/providers/Microsoft.Sql/servers/sql-prod-eastus/databases/sqldb-app",
            "name": "sqldb-app",
            "server_id": "/subscriptions/00000000-1111-2222-3333-444444444444/resourceGroups/rg-prod-eastus/providers/Microsoft.Sql/servers/sql-prod-eastus",
            "sku_name": "S3",
            "max_size_gb": 250,
            "zone_redundant": false,
            "tags": { "environment": "production" }
          }
        },
        {
          "index_key": "analytics",
          "schema_version": 0,
          "attributes": {
            "id": "/subscriptions/00000000-1111-2222-3333-444444444444/resourceGroups/rg-prod-eastus/providers/Microsoft.Sql/servers/sql-prod-eastus/databases/sqldb-analytics",
            "name": "sqldb-analytics",
            "server_id": "/subscriptions/00000000-1111-2222-3333-444444444444/resourceGroups/rg-prod-eastus/providers/Microsoft.Sql/servers/sql-prod-eastus",
            "sku_name": "P1",
            "max_size_gb": 500,
            "zone_redundant": true,
            "tags": { "environment": "production" }
          }
        }
      ]
    },
    {
      "module": "module.security",
      "mode": "managed",
      "type": "azurerm_key_vault",
      "name": "main",
      "provider": "provider[\"registry.terraform.io/hashicorp/azurerm\"]",
      "instances": [
        {
          "schema_version": 0,
          "attributes": {
            "id": "/subscriptions/00000000-1111-2222-3333-444444444444/resourceGroups/rg-prod-eastus/providers/Microsoft.KeyVault/vaults/kv-prod-eastus",
            "name": "kv-prod-eastus",
            "location": "eastus",
            "resource_group_name": "rg-prod-eastus",
            "sku_name": "standard",
            "tenant_id": "ffffffff-eeee-dddd-cccc-bbbbbbbbbbbb",
            "soft_delete_retention_days": 90,
            "purge_protection_enabled": true,
            "public_network_access_enabled": false,
            "tags": { "environment": "production" }
          }
        }
      ]
    },
    {
      "module": "module.security",
      "mode": "managed",
      "type": "azurerm_key_vault_secret",
      "name": "secrets",
      "provider": "provider[\"registry.terraform.io/hashicorp/azurerm\"]",
      "instances": [
        {
          "index_key": "db_password",
          "schema_version": 0,
          "attributes": {
            "id": "https://kv-prod-eastus.vault.azure.net/secrets/db-password/abc123version",
            "name": "db-password",
            "key_vault_id": "/subscriptions/00000000-1111-2222-3333-444444444444/resourceGroups/rg-prod-eastus/providers/Microsoft.KeyVault/vaults/kv-prod-eastus",
            "content_type": "text/plain",
            "value": "<sensitive>"
          }
        },
        {
          "index_key": "aks_sp_secret",
          "schema_version": 0,
          "attributes": {
            "id": "https://kv-prod-eastus.vault.azure.net/secrets/aks-sp-secret/def456version",
            "name": "aks-sp-secret",
            "key_vault_id": "/subscriptions/00000000-1111-2222-3333-444444444444/resourceGroups/rg-prod-eastus/providers/Microsoft.KeyVault/vaults/kv-prod-eastus",
            "content_type": "text/plain",
            "value": "<sensitive>"
          }
        }
      ]
    },
    {
      "module": "module.monitoring",
      "mode": "managed",
      "type": "azurerm_log_analytics_workspace",
      "name": "main",
      "provider": "provider[\"registry.terraform.io/hashicorp/azurerm\"]",
      "instances": [
        {
          "schema_version": 0,
          "attributes": {
            "id": "/subscriptions/00000000-1111-2222-3333-444444444444/resourceGroups/rg-prod-eastus/providers/Microsoft.OperationalInsights/workspaces/log-prod-eastus",
            "name": "log-prod-eastus",
            "location": "eastus",
            "resource_group_name": "rg-prod-eastus",
            "sku": "PerGB2018",
            "retention_in_days": 90,
            "workspace_id": "11111111-2222-3333-4444-555555555555",
            "tags": { "environment": "production" }
          }
        }
      ]
    },
    {
      "module": "module.monitoring",
      "mode": "managed",
      "type": "azurerm_application_insights",
      "name": "main",
      "provider": "provider[\"registry.terraform.io/hashicorp/azurerm\"]",
      "instances": [
        {
          "schema_version": 0,
          "attributes": {
            "id": "/subscriptions/00000000-1111-2222-3333-444444444444/resourceGroups/rg-prod-eastus/providers/Microsoft.Insights/components/appi-prod-eastus",
            "name": "appi-prod-eastus",
            "location": "eastus",
            "resource_group_name": "rg-prod-eastus",
            "application_type": "web",
            "instrumentation_key": "99999999-8888-7777-6666-555555555555",
            "connection_string": "<sensitive>",
            "workspace_id": "/subscriptions/00000000-1111-2222-3333-444444444444/resourceGroups/rg-prod-eastus/providers/Microsoft.OperationalInsights/workspaces/log-prod-eastus",
            "tags": { "environment": "production" }
          }
        }
      ]
    },
    {
      "module": "module.networking",
      "mode": "managed",
      "type": "azurerm_public_ip",
      "name": "pip_list",
      "provider": "provider[\"registry.terraform.io/hashicorp/azurerm\"]",
      "instances": [
        {
          "index_key": "appgw",
          "schema_version": 0,
          "attributes": {
            "id": "/subscriptions/00000000-1111-2222-3333-444444444444/resourceGroups/rg-prod-eastus/providers/Microsoft.Network/publicIPAddresses/pip-appgw-prod",
            "name": "pip-appgw-prod",
            "location": "eastus",
            "resource_group_name": "rg-prod-eastus",
            "allocation_method": "Static",
            "sku": "Standard",
            "ip_address": "20.10.20.30",
            "tags": { "environment": "production" }
          }
        },
        {
          "index_key": "nat",
          "schema_version": 0,
          "attributes": {
            "id": "/subscriptions/00000000-1111-2222-3333-444444444444/resourceGroups/rg-prod-eastus/providers/Microsoft.Network/publicIPAddresses/pip-nat-prod",
            "name": "pip-nat-prod",
            "location": "eastus",
            "resource_group_name": "rg-prod-eastus",
            "allocation_method": "Static",
            "sku": "Standard",
            "ip_address": "20.10.20.31",
            "tags": { "environment": "production" }
          }
        }
      ]
    },
    {
      "module": "module.networking",
      "mode": "managed",
      "type": "azurerm_application_gateway",
      "name": "main",
      "provider": "provider[\"registry.terraform.io/hashicorp/azurerm\"]",
      "instances": [
        {
          "schema_version": 0,
          "attributes": {
            "id": "/subscriptions/00000000-1111-2222-3333-444444444444/resourceGroups/rg-prod-eastus/providers/Microsoft.Network/applicationGateways/agw-prod-eastus",
            "name": "agw-prod-eastus",
            "location": "eastus",
            "resource_group_name": "rg-prod-eastus",
            "sku": {
              "name": "WAF_v2",
              "tier": "WAF_v2",
              "capacity": 2
            },
            "waf_configuration": {
              "enabled": true,
              "firewall_mode": "Prevention",
              "rule_set_version": "3.2"
            },
            "tags": { "environment": "production" }
          }
        }
      ]
    },
    {
      "module": "module.identity",
      "mode": "managed",
      "type": "azurerm_user_assigned_identity",
      "name": "identities",
      "provider": "provider[\"registry.terraform.io/hashicorp/azurerm\"]",
      "instances": [
        {
          "index_key": "aks",
          "schema_version": 0,
          "attributes": {
            "id": "/subscriptions/00000000-1111-2222-3333-444444444444/resourceGroups/rg-prod-eastus/providers/Microsoft.ManagedIdentity/userAssignedIdentities/id-aks-prod",
            "name": "id-aks-prod",
            "location": "eastus",
            "resource_group_name": "rg-prod-eastus",
            "client_id": "aaaaaaaa-1111-2222-3333-bbbbbbbbbbbb",
            "principal_id": "cccccccc-4444-5555-6666-dddddddddddd",
            "tenant_id": "ffffffff-eeee-dddd-cccc-bbbbbbbbbbbb"
          }
        },
        {
          "index_key": "app",
          "schema_version": 0,
          "attributes": {
            "id": "/subscriptions/00000000-1111-2222-3333-444444444444/resourceGroups/rg-prod-eastus/providers/Microsoft.ManagedIdentity/userAssignedIdentities/id-app-prod",
            "name": "id-app-prod",
            "location": "eastus",
            "resource_group_name": "rg-prod-eastus",
            "client_id": "eeeeeeee-7777-8888-9999-ffffffffffff",
            "principal_id": "00000000-aaaa-bbbb-cccc-111111111111",
            "tenant_id": "ffffffff-eeee-dddd-cccc-bbbbbbbbbbbb"
          }
        }
      ]
    },
    {
      "module": "module.registry",
      "mode": "managed",
      "type": "azurerm_container_registry",
      "name": "main",
      "provider": "provider[\"registry.terraform.io/hashicorp/azurerm\"]",
      "instances": [
        {
          "schema_version": 0,
          "attributes": {
            "id": "/subscriptions/00000000-1111-2222-3333-444444444444/resourceGroups/rg-prod-eastus/providers/Microsoft.ContainerRegistry/registries/acrprodeastus",
            "name": "acrprodeastus",
            "location": "eastus",
            "resource_group_name": "rg-prod-eastus",
            "sku": "Premium",
            "admin_enabled": false,
            "public_network_access_enabled": false,
            "zone_redundancy_enabled": true,
            "login_server": "acrprodeastus.azurecr.io",
            "tags": { "environment": "production" }
          }
        }
      ]
    },
    {
      "module": "module.security",
      "mode": "managed",
      "type": "azurerm_role_assignment",
      "name": "role_assignments",
      "provider": "provider[\"registry.terraform.io/hashicorp/azurerm\"]",
      "instances": [
        {
          "index_key": "aks_acr_pull",
          "schema_version": 0,
          "attributes": {
            "id": "/subscriptions/00000000-1111-2222-3333-444444444444/providers/Microsoft.Authorization/roleAssignments/aaaa1111-bbbb-2222-cccc-3333dddd4444",
            "role_definition_name": "AcrPull",
            "principal_id": "cccccccc-4444-5555-6666-dddddddddddd",
            "scope": "/subscriptions/00000000-1111-2222-3333-444444444444/resourceGroups/rg-prod-eastus/providers/Microsoft.ContainerRegistry/registries/acrprodeastus"
          }
        },
        {
          "index_key": "app_kv_reader",
          "schema_version": 0,
          "attributes": {
            "id": "/subscriptions/00000000-1111-2222-3333-444444444444/providers/Microsoft.Authorization/roleAssignments/eeee5555-ffff-6666-aaaa-7777bbbb8888",
            "role_definition_name": "Key Vault Secrets User",
            "principal_id": "00000000-aaaa-bbbb-cccc-111111111111",
            "scope": "/subscriptions/00000000-1111-2222-3333-444444444444/resourceGroups/rg-prod-eastus/providers/Microsoft.KeyVault/vaults/kv-prod-eastus"
          }
        }
      ]
    }
  ]
}