{
  "version": 4,
  "terraform_version": "1.8.0",
  "serial": 42,
  "lineage": "a1b2c3d4-e5f6-7a8b-9c0d-1e2f3a4b5c6d",
  "outputs": {},
  "resources": [
    {
      "mode": "managed",
      "type": "azurerm_resource_group",
      "name": "rg",
      "provider": "provider[\"registry.terraform.io/hashicorp/azurerm\"]",
      "instances": [
        {
          "schema_version": 0,
          "attributes": {
            "id": "/subscriptions/00000000-0000-0000-0000-000000000000/resourceGroups/rg-ikigai-prod",
            "location": "westeurope",
            "name": "rg-ikigai-prod",
            "tags": {
              "Environment": "Production"
            }
          },
          "sensitive_attributes": []
        }
      ]
    },
    {
      "mode": "managed",
      "type": "azurerm_virtual_network",
      "name": "vnet",
      "provider": "provider[\"registry.terraform.io/hashicorp/azurerm\"]",
      "instances": [
        {
          "schema_version": 0,
          "attributes": {
            "address_space": [
              "10.0.0.0/16"
            ],
            "id": "/subscriptions/00000000-0000-0000-0000-000000000000/resourceGroups/rg-ikigai-prod/providers/Microsoft.Network/virtualNetworks/vnet-core",
            "location": "westeurope",
            "name": "vnet-core",
            "resource_group_name": "rg-ikigai-prod"
          },
          "sensitive_attributes": [],
          "dependencies": [
            "azurerm_resource_group.rg"
          ]
        }
      ]
    },
    {
      "mode": "managed",
      "type": "azurerm_subnet",
      "name": "subnets",
      "provider": "provider[\"registry.terraform.io/hashicorp/azurerm\"]",
      "instances": [
        {
          "index_key": "appgw",
          "schema_version": 0,
          "attributes": {
            "address_prefixes": [
              "10.0.1.0/24"
            ],
            "id": "/subscriptions/00000000-0000-0000-0000-000000000000/resourceGroups/rg-ikigai-prod/providers/Microsoft.Network/virtualNetworks/vnet-core/subnets/snet-appgw",
            "name": "snet-appgw",
            "resource_group_name": "rg-ikigai-prod",
            "virtual_network_name": "vnet-core"
          },
          "dependencies": [
            "azurerm_virtual_network.vnet"
          ]
        },
        {
          "index_key": "container_env",
          "schema_version": 0,
          "attributes": {
            "address_prefixes": [
              "10.0.2.0/23"
            ],
            "id": "/subscriptions/00000000-0000-0000-0000-000000000000/resourceGroups/rg-ikigai-prod/providers/Microsoft.Network/virtualNetworks/vnet-core/subnets/snet-container-env",
            "name": "snet-container-env",
            "resource_group_name": "rg-ikigai-prod",
            "virtual_network_name": "vnet-core"
          },
          "dependencies": [
            "azurerm_virtual_network.vnet"
          ]
        },
        {
          "index_key": "postgres",
          "schema_version": 0,
          "attributes": {
            "address_prefixes": [
              "10.0.4.0/24"
            ],
            "id": "/subscriptions/00000000-0000-0000-0000-000000000000/resourceGroups/rg-ikigai-prod/providers/Microsoft.Network/virtualNetworks/vnet-core/subnets/snet-postgres",
            "name": "snet-postgres",
            "resource_group_name": "rg-ikigai-prod",
            "virtual_network_name": "vnet-core"
          },
          "dependencies": [
            "azurerm_virtual_network.vnet"
          ]
        }
      ]
    },
    {
      "mode": "managed",
      "type": "azurerm_storage_account",
      "name": "storage",
      "provider": "provider[\"registry.terraform.io/hashicorp/azurerm\"]",
      "instances": [
        {
          "schema_version": 0,
          "attributes": {
            "id": "/subscriptions/00000000-0000-0000-0000-000000000000/resourceGroups/rg-ikigai-prod/providers/Microsoft.Storage/storageAccounts/stikigaiprodshared",
            "name": "stikigaiprodshared",
            "primary_access_key": "ZXhhbXBsZS1rZXktbm90LXJlYWwtc2VjdXJlLWNoYW5nZS1tZQ==",
            "resource_group_name": "rg-ikigai-prod"
          },
          "sensitive_attributes": [
            [{"type": "get_attr", "value": "primary_access_key"}]
          ],
          "dependencies": [
            "azurerm_resource_group.rg"
          ]
        }
      ]
    },
    {
      "mode": "managed",
      "type": "azurerm_storage_share",
      "name": "share",
      "provider": "provider[\"registry.terraform.io/hashicorp/azurerm\"]",
      "instances": [
        {
          "schema_version": 0,
          "attributes": {
            "id": "https://windows.net",
            "name": "share-apps-data",
            "quota": 50,
            "storage_account_name": "stikigaiprodshared"
          },
          "sensitive_attributes": [],
          "dependencies": [
            "azurerm_storage_account.storage"
          ]
        }
      ]
    },
    {
      "mode": "managed",
      "type": "azurerm_postgresql_flexible_server",
      "name": "postgres",
      "provider": "provider[\"registry.terraform.io/hashicorp/azurerm\"]",
      "instances": [
        {
          "schema_version": 0,
          "attributes": {
            "administrator_login": "psqladmin",
            "fqdn": "://azure.com",
            "id": "/subscriptions/00000000-0000-0000-0000-000000000000/resourceGroups/rg-ikigai-prod/providers/Microsoft.DBforPostgreSQL/flexibleServers/pg-ikigai-db",
            "name": "pg-ikigai-db",
            "resource_group_name": "rg-ikigai-prod",
            "sku_name": "GP_Standard_D2ds_v4",
            "version": "15"
          },
          "sensitive_attributes": [],
          "dependencies": [
            "azurerm_subnet.subnets"
          ]
        }
      ]
    },
    {
      "mode": "managed",
      "type": "azurerm_container_app_environment",
      "name": "ca_env",
      "provider": "provider[\"registry.terraform.io/hashicorp/azurerm\"]",
      "instances": [
        {
          "schema_version": 0,
          "attributes": {
            "id": "/subscriptions/00000000-0000-0000-0000-000000000000/resourceGroups/rg-ikigai-prod/providers/Microsoft.App/managedEnvironments/cae-prod",
            "infrastructure_subnet_id": "/subscriptions/00000000-0000-0000-0000-000000000000/resourceGroups/rg-ikigai-prod/providers/Microsoft.Network/virtualNetworks/vnet-core/subnets/snet-container-env",
            "location": "westeurope",
            "name": "cae-prod",
            "resource_group_name": "rg-ikigai-prod"
          },
          "sensitive_attributes": [],
          "dependencies": [
            "azurerm_subnet.subnets"
          ]
        }
      ]
    },
    {
      "mode": "managed",
      "type": "azurerm_container_app",
      "name": "apps",
      "provider": "provider[\"registry.terraform.io/hashicorp/azurerm\"]",
      "instances": [
        {
          "index_key": "app_api",
          "schema_version": 0,
          "attributes": {
            "container_app_environment_id": "/subscriptions/00000000-0000-0000-0000-000000000000/resourceGroups/rg-ikigai-prod/providers/Microsoft.App/managedEnvironments/cae-prod",
            "id": "/subscriptions/00000000-0000-0000-0000-000000000000/resourceGroups/rg-ikigai-prod/providers/Microsoft.App/containerApps/ca-api",
            "name": "ca-api",
            "resource_group_name": "rg-ikigai-prod",
            "template": [
              {
                "container": [
                  {
                    "image": "://microsoft.com",
                    "name": "api-gateway",
                    "volume_mounts": [
                      {
                        "name": "shared-storage",
                        "path": "/mnt/shared"
                      }
                    ]
                  }
                ]
              }
            ]
          },
          "sensitive_attributes": [],
          "dependencies": [
            "azurerm_container_app_environment.ca_env",
            "azurerm_storage_share.share"
          ]
        },
        {
          "index_key": "app_worker",
          "schema_version": 0,
          "attributes": {
            "container_app_environment_id": "/subscriptions/00000000-0000-0000-0000-000000000000/resourceGroups/rg-ikigai-prod/providers/Microsoft.App/managedEnvironments/cae-prod",
            "id": "/subscriptions/00000000-0000-0000-0000-000000000000/resourceGroups/rg-ikigai-prod/providers/Microsoft.App/containerApps/ca-worker",
            "name": "ca-worker",
            "resource_group_name": "rg-ikigai-prod",
            "template": [
              {
                "container": [
                  {
                    "image": "://microsoft.com",
                    "name": "background-worker",
                    "volume_mounts": [
                      {
                        "name": "shared-storage",
                        "path": "/mnt/shared"
                      }
                    ]
                  }
                ]
              }
            ]
          },
          "sensitive_attributes": [],
          "dependencies": [
            "azurerm_container_app_environment.ca_env",
            "azurerm_storage_share.share"
          ]
        }
      ]
    },
    {
      "mode": "managed",
      "type": "azurerm_application_gateway",
      "name": "appgw",
      "provider": "provider[\"registry.terraform.io/hashicorp/azurerm\"]",
      "instances": [
        {
          "schema_version": 0,
          "attributes": {
            "id": "/subscriptions/00000000-0000-0000-0000-000000000000/resourceGroups/rg-ikigai-prod/providers/Microsoft.Network/applicationGateways/agw-ingress",
            "location": "westeurope",
            "name": "agw-ingress",
            "resource_group_name": "rg-ikigai-prod",
            "sku": [
              {
                "capacity": 2,
                "name": "Standard_v2",
                "tier": "Standard_v2"
              }
            ],
            "gateway_ip_configuration": [
              {
                "name": "appgw-ip-config",
                "subnet_id": "/subscriptions/00000000-0000-0000-0000-000000000000/resourceGroups/rg-ikigai-prod/providers/Microsoft.Network/virtualNetworks/vnet-core/subnets/snet-appgw"
              }
            ]
          },
          "sensitive_attributes": [],
          "dependencies": ["azurerm_subnet.subnets","azurerm_container_app.apps"]
        }
      ]
    }
  ],
  "check_results": null
}
